// !$*UTF8*$!
{
	archiveVersion = 1;
	classes = {
	};
	objectVersion = 46;
	objects = {

/* Begin PBXFileReference section */
		0B1886D51DDACEC300DEB93D /* LinkedArray.java */ = {isa = PBXFileReference; lastKnownFileType = sourcecode.java; path = LinkedArray.java; sourceTree = "<group>"; };
		5471B2BD1DDA31BD00BF25E7 /* BinTree.java */ = {isa = PBXFileReference; lastKnownFileType = sourcecode.java; path = BinTree.java; sourceTree = "<group>"; };
		5471B2BE1DDA321D00BF25E7 /* main2.java */ = {isa = PBXFileReference; lastKnownFileType = sourcecode.java; path = main2.java; sourceTree = "<group>"; };
/* End PBXFileReference section */

/* Begin PBXGroup section */
		5471B2B51DDA317F00BF25E7 = {
			isa = PBXGroup;
			children = (
				0B1886D51DDACEC300DEB93D /* LinkedArray.java */,
				5471B2BE1DDA321D00BF25E7 /* main2.java */,
				5471B2BD1DDA31BD00BF25E7 /* BinTree.java */,
			);
			sourceTree = "<group>";
		};
/* End PBXGroup section */

/* Begin PBXProject section */
		5471B2B61DDA317F00BF25E7 /* Project object */ = {
			isa = PBXProject;
			attributes = {
				LastUpgradeCheck = 0800;
			};
			buildConfigurationList = 5471B2B91DDA317F00BF25E7 /* Build configuration list for PBXProject "java_codechef" */;
			compatibilityVersion = "Xcode 3.2";
			developmentRegion = English;
			hasScannedForEncodings = 0;
			knownRegions = (
				en,
			);
			mainGroup = 5471B2B51DDA317F00BF25E7;
			projectDirPath = "";
			projectRoot = "";
			targets = (
			);
		};
/* End PBXProject section */

/* Begin XCBuildConfiguration section */
		5471B2BA1DDA317F00BF25E7 /* Debug */ = {
			isa = XCBuildConfiguration;
			buildSettings = {
			};
			name = Debug;
		};
		5471B2BB1DDA317F00BF25E7 /* Release */ = {
			isa = XCBuildConfiguration;
			buildSettings = {
			};
			name = Release;
		};
/* End XCBuildConfiguration section */

/* Begin XCConfigurationList section */
		5471B2B91DDA317F00BF25E7 /* Build configuration list for PBXProject "java_codechef" */ = {
			isa = XCConfigurationList;
			buildConfigurations = (
				5471B2BA1DDA317F00BF25E7 /* Debug */,
				5471B2BB1DDA317F00BF25E7 /* Release */,
			);
			defaultConfigurationIsVisible = 0;
			defaultConfigurationName = Release;
		};
/* End XCConfigurationList section */
	};
	rootObject = 5471B2B61DDA317F00BF25E7 /* Project object */;
}
